// !$*UTF8*$!
{
	archiveVersion = 1;
	classes = {
	};
	objectVersion = 55;
	objects = {

/* Begin PBXBuildFile section */
		D70BA56E283554230039041F /* HabitSamplesViewModel.swift in Sources */ = {isa = PBXBuildFile; fileRef = D70BA56D283554230039041F /* HabitSamplesViewModel.swift */; };
		D738ACE327553D5500F8B4A0 /* IconView.swift in Sources */ = {isa = PBXBuildFile; fileRef = D738ACE227553D5500F8B4A0 /* IconView.swift */; };
		D758DFEA274A746F00CBBF16 /* HabbityApp.swift in Sources */ = {isa = PBXBuildFile; fileRef = D758DFE9274A746F00CBBF16 /* HabbityApp.swift */; };
		D758DFEC274A746F00CBBF16 /* ContentView.swift in Sources */ = {isa = PBXBuildFile; fileRef = D758DFEB274A746F00CBBF16 /* ContentView.swift */; };
		D758DFEE274A747300CBBF16 /* Assets.xcassets in Resources */ = {isa = PBXBuildFile; fileRef = D758DFED274A747300CBBF16 /* Assets.xcassets */; };
		D758DFF1274A747300CBBF16 /* Preview Assets.xcassets in Resources */ = {isa = PBXBuildFile; fileRef = D758DFF0274A747300CBBF16 /* Preview Assets.xcassets */; };
		D758DFF8274A754400CBBF16 /* HabitsView.swift in Sources */ = {isa = PBXBuildFile; fileRef = D758DFF7274A754400CBBF16 /* HabitsView.swift */; };
		D758DFFA274A755D00CBBF16 /* SettingsView.swift in Sources */ = {isa = PBXBuildFile; fileRef = D758DFF9274A755D00CBBF16 /* SettingsView.swift */; };
		D758DFFC274A989100CBBF16 /* AddNewHabitView.swift in Sources */ = {isa = PBXBuildFile; fileRef = D758DFFB274A989100CBBF16 /* AddNewHabitView.swift */; };
		D76B551B275D32990033FEEB /* Icon.swift in Sources */ = {isa = PBXBuildFile; fileRef = D76B551A275D32990033FEEB /* Icon.swift */; };
		D76B551D275D346A0033FEEB /* HabitsViewModel.swift in Sources */ = {isa = PBXBuildFile; fileRef = D76B551C275D346A0033FEEB /* HabitsViewModel.swift */; };
		D76B551F275E7B6C0033FEEB /* HabitDetailView.swift in Sources */ = {isa = PBXBuildFile; fileRef = D76B551E275E7B6B0033FEEB /* HabitDetailView.swift */; };
		D77C50AB2818703A00D82A59 /* HabitSamples.swift in Sources */ = {isa = PBXBuildFile; fileRef = D77C50AA2818703A00D82A59 /* HabitSamples.swift */; };
		D7A392552805E396001CC25C /* NoHabitsView.swift in Sources */ = {isa = PBXBuildFile; fileRef = D7A392542805E396001CC25C /* NoHabitsView.swift */; };
		D7A392572805FDA3001CC25C /* LaunchScreen.storyboard in Resources */ = {isa = PBXBuildFile; fileRef = D7A392562805FDA3001CC25C /* LaunchScreen.storyboard */; };
		D7AA2EE228106A9D00AB787E /* NetworkClient.swift in Sources */ = {isa = PBXBuildFile; fileRef = D7AA2EE128106A9D00AB787E /* NetworkClient.swift */; };
		D7ACACAE2833F2F500541742 /* HabitSamples.json in Resources */ = {isa = PBXBuildFile; fileRef = D7ACACAD2833F2F500541742 /* HabitSamples.json */; };
		D7B2E07C2807D24000A525B8 /* BottomSheet in Frameworks */ = {isa = PBXBuildFile; productRef = D7B2E07B2807D24000A525B8 /* BottomSheet */; };
		D7B6B6C92802C69F007C57E6 /* Habit.swift in Sources */ = {isa = PBXBuildFile; fileRef = D7B6B6C82802C69F007C57E6 /* Habit.swift */; };
		D7B6B6CB2802CD8C007C57E6 /* HabitRowView.swift in Sources */ = {isa = PBXBuildFile; fileRef = D7B6B6CA2802CD8C007C57E6 /* HabitRowView.swift */; };
/* End PBXBuildFile section */

/* Begin PBXFileReference section */
		D70BA56D283554230039041F /* HabitSamplesViewModel.swift */ = {isa = PBXFileReference; lastKnownFileType = sourcecode.swift; path = HabitSamplesViewModel.swift; sourceTree = "<group>"; };
		D738ACE227553D5500F8B4A0 /* IconView.swift */ = {isa = PBXFileReference; lastKnownFileType = sourcecode.swift; path = IconView.swift; sourceTree = "<group>"; };
		D758DFE6274A746F00CBBF16 /* Habbity.app */ = {isa = PBXFileReference; explicitFileType = wrapper.application; includeInIndex = 0; path = Habbity.app; sourceTree = BUILT_PRODUCTS_DIR; };
		D758DFE9274A746F00CBBF16 /* HabbityApp.swift */ = {isa = PBXFileReference; lastKnownFileType = sourcecode.swift; path = HabbityApp.swift; sourceTree = "<group>"; };
		D758DFEB274A746F00CBBF16 /* ContentView.swift */ = {isa = PBXFileReference; lastKnownFileType = sourcecode.swift; path = ContentView.swift; sourceTree = "<group>"; };
		D758DFED274A747300CBBF16 /* Assets.xcassets */ = {isa = PBXFileReference; lastKnownFileType = folder.assetcatalog; path = Assets.xcassets; sourceTree = "<group>"; };
		D758DFF0274A747300CBBF16 /* Preview Assets.xcassets */ = {isa = PBXFileReference; lastKnownFileType = folder.assetcatalog; path = "Preview Assets.xcassets"; sourceTree = "<group>"; };
		D758DFF7274A754400CBBF16 /* HabitsView.swift */ = {isa = PBXFileReference; lastKnownFileType = sourcecode.swift; path = HabitsView.swift; sourceTree = "<group>"; };
		D758DFF9274A755D00CBBF16 /* SettingsView.swift */ = {isa = PBXFileReference; lastKnownFileType = sourcecode.swift; path = SettingsView.swift; sourceTree = "<group>"; };
		D758DFFB274A989100CBBF16 /* AddNewHabitView.swift */ = {isa = PBXFileReference; lastKnownFileType = sourcecode.swift; path = AddNewHabitView.swift; sourceTree = "<group>"; };
		D76B551A275D32990033FEEB /* Icon.swift */ = {isa = PBXFileReference; lastKnownFileType = sourcecode.swift; path = Icon.swift; sourceTree = "<group>"; };
		D76B551C275D346A0033FEEB /* HabitsViewModel.swift */ = {isa = PBXFileReference; lastKnownFileType = sourcecode.swift; path = HabitsViewModel.swift; sourceTree = "<group>"; };
		D76B551E275E7B6B0033FEEB /* HabitDetailView.swift */ = {isa = PBXFileReference; lastKnownFileType = sourcecode.swift; path = HabitDetailView.swift; sourceTree = "<group>"; };
		D77C50AA2818703A00D82A59 /* HabitSamples.swift */ = {isa = PBXFileReference; lastKnownFileType = sourcecode.swift; path = HabitSamples.swift; sourceTree = "<group>"; };
		D7A392542805E396001CC25C /* NoHabitsView.swift */ = {isa = PBXFileReference; lastKnownFileType = sourcecode.swift; path = NoHabitsView.swift; sourceTree = "<group>"; };
		D7A392562805FDA3001CC25C /* LaunchScreen.storyboard */ = {isa = PBXFileReference; lastKnownFileType = file.storyboard; path = LaunchScreen.storyboard; sourceTree = "<group>"; };
		D7A75BD827D7366D005DB370 /* Info.plist */ = {isa = PBXFileReference; lastKnownFileType = text.plist; path = Info.plist; sourceTree = "<group>"; };
		D7AA2EE128106A9D00AB787E /* NetworkClient.swift */ = {isa = PBXFileReference; lastKnownFileType = sourcecode.swift; path = NetworkClient.swift; sourceTree = "<group>"; };
		D7ACACAD2833F2F500541742 /* HabitSamples.json */ = {isa = PBXFileReference; lastKnownFileType = text.json; path = HabitSamples.json; sourceTree = "<group>"; };
		D7B6B6C82802C69F007C57E6 /* Habit.swift */ = {isa = PBXFileReference; lastKnownFileType = sourcecode.swift; path = Habit.swift; sourceTree = "<group>"; };
		D7B6B6CA2802CD8C007C57E6 /* HabitRowView.swift */ = {isa = PBXFileReference; lastKnownFileType = sourcecode.swift; path = HabitRowView.swift; sourceTree = "<group>"; };
/* End PBXFileReference section */

/* Begin PBXFrameworksBuildPhase section */
		D758DFE3274A746F00CBBF16 /* Frameworks */ = {
			isa = PBXFrameworksBuildPhase;
			buildActionMask = 2147483647;
			files = (
				D7B2E07C2807D24000A525B8 /* BottomSheet in Frameworks */,
			);
			runOnlyForDeploymentPostprocessing = 0;
		};
/* End PBXFrameworksBuildPhase section */

/* Begin PBXGroup section */
		D70BA56B283553E30039041F /* Habit samples */ = {
			isa = PBXGroup;
			children = (
				D7ACACAD2833F2F500541742 /* HabitSamples.json */,
				D77C50AA2818703A00D82A59 /* HabitSamples.swift */,
				D70BA56D283554230039041F /* HabitSamplesViewModel.swift */,
			);
			path = "Habit samples";
			sourceTree = "<group>";
		};
		D70BA56C283554050039041F /* Habit */ = {
			isa = PBXGroup;
			children = (
				D76B551C275D346A0033FEEB /* HabitsViewModel.swift */,
				D7B6B6C82802C69F007C57E6 /* Habit.swift */,
				D76B551A275D32990033FEEB /* Icon.swift */,
			);
			path = Habit;
			sourceTree = "<group>";
		};
		D70BA56F283560A20039041F /* SubViews */ = {
			isa = PBXGroup;
			children = (
				D7A392542805E396001CC25C /* NoHabitsView.swift */,
				D7B6B6CA2802CD8C007C57E6 /* HabitRowView.swift */,
				D738ACE227553D5500F8B4A0 /* IconView.swift */,
			);
			path = SubViews;
			sourceTree = "<group>";
		};
		D758DFDD274A746E00CBBF16 = {
			isa = PBXGroup;
			children = (
				D758DFE8274A746F00CBBF16 /* Habbity */,
				D758DFE7274A746F00CBBF16 /* Products */,
			);
			sourceTree = "<group>";
		};
		D758DFE7274A746F00CBBF16 /* Products */ = {
			isa = PBXGroup;
			children = (
				D758DFE6274A746F00CBBF16 /* Habbity.app */,
			);
			name = Products;
			sourceTree = "<group>";
		};
		D758DFE8274A746F00CBBF16 /* Habbity */ = {
			isa = PBXGroup;
			children = (
				D7A75BD827D7366D005DB370 /* Info.plist */,
				D7A392562805FDA3001CC25C /* LaunchScreen.storyboard */,
				D758DFE9274A746F00CBBF16 /* HabbityApp.swift */,
				D758DFEB274A746F00CBBF16 /* ContentView.swift */,
				D7B6B6CD2802F9CA007C57E6 /* Views */,
				D7B6B6CC2802F987007C57E6 /* Data models */,
				D758DFED274A747300CBBF16 /* Assets.xcassets */,
				D758DFEF274A747300CBBF16 /* Preview Content */,
			);
			path = Habbity;
			sourceTree = "<group>";
		};
		D758DFEF274A747300CBBF16 /* Preview Content */ = {
			isa = PBXGroup;
			children = (
				D758DFF0274A747300CBBF16 /* Preview Assets.xcassets */,
			);
			path = "Preview Content";
			sourceTree = "<group>";
		};
		D7B6B6CC2802F987007C57E6 /* Data models */ = {
			isa = PBXGroup;
			children = (
				D7AA2EE128106A9D00AB787E /* NetworkClient.swift */,
				D70BA56C283554050039041F /* Habit */,
				D70BA56B283553E30039041F /* Habit samples */,
			);
			path = "Data models";
			sourceTree = "<group>";
		};
		D7B6B6CD2802F9CA007C57E6 /* Views */ = {
			isa = PBXGroup;
			children = (
				D758DFF7274A754400CBBF16 /* HabitsView.swift */,
				D758DFFB274A989100CBBF16 /* AddNewHabitView.swift */,
				D76B551E275E7B6B0033FEEB /* HabitDetailView.swift */,
				D758DFF9274A755D00CBBF16 /* SettingsView.swift */,
				D70BA56F283560A20039041F /* SubViews */,
			);
			path = Views;
			sourceTree = "<group>";
		};
/* End PBXGroup section */

/* Begin PBXNativeTarget section */
		D758DFE5274A746F00CBBF16 /* Habbity */ = {
			isa = PBXNativeTarget;
			buildConfigurationList = D758DFF4274A747300CBBF16 /* Build configuration list for PBXNativeTarget "Habbity" */;
			buildPhases = (
				D758DFE2274A746F00CBBF16 /* Sources */,
				D758DFE3274A746F00CBBF16 /* Frameworks */,
				D758DFE4274A746F00CBBF16 /* Resources */,
			);
			buildRules = (
			);
			dependencies = (
			);
			name = Habbity;
			packageProductDependencies = (
				D7B2E07B2807D24000A525B8 /* BottomSheet */,
			);
			productName = Habbity;
			productReference = D758DFE6274A746F00CBBF16 /* Habbity.app */;
			productType = "com.apple.product-type.application";
		};
/* End PBXNativeTarget section */

/* Begin PBXProject section */
		D758DFDE274A746E00CBBF16 /* Project object */ = {
			isa = PBXProject;
			attributes = {
				BuildIndependentTargetsInParallel = 1;
				LastSwiftUpdateCheck = 1310;
				LastUpgradeCheck = 1310;
				TargetAttributes = {
					D758DFE5274A746F00CBBF16 = {
						CreatedOnToolsVersion = 13.1;
					};
				};
			};
			buildConfigurationList = D758DFE1274A746E00CBBF16 /* Build configuration list for PBXProject "Habbity" */;
			compatibilityVersion = "Xcode 13.0";
			developmentRegion = en;
			hasScannedForEncodings = 0;
			knownRegions = (
				en,
				Base,
			);
			mainGroup = D758DFDD274A746E00CBBF16;
			packageReferences = (
				D7B2E07A2807D24000A525B8 /* XCRemoteSwiftPackageReference "BottomSheet" */,
			);
			productRefGroup = D758DFE7274A746F00CBBF16 /* Products */;
			projectDirPath = "";
			projectRoot = "";
			targets = (
				D758DFE5274A746F00CBBF16 /* Habbity */,
			);
		};
/* End PBXProject section */

/* Begin PBXResourcesBuildPhase section */
		D758DFE4274A746F00CBBF16 /* Resources */ = {
			isa = PBXResourcesBuildPhase;
			buildActionMask = 2147483647;
			files = (
				D7A392572805FDA3001CC25C /* LaunchScreen.storyboard in Resources */,
				D758DFF1274A747300CBBF16 /* Preview Assets.xcassets in Resources */,
				D7ACACAE2833F2F500541742 /* HabitSamples.json in Resources */,
				D758DFEE274A747300CBBF16 /* Assets.xcassets in Resources */,
			);
			runOnlyForDeploymentPostprocessing = 0;
		};
/* End PBXResourcesBuildPhase section */

/* Begin PBXSourcesBuildPhase section */
		D758DFE2274A746F00CBBF16 /* Sources */ = {
			isa = PBXSourcesBuildPhase;
			buildActionMask = 2147483647;
			files = (
				D758DFEC274A746F00CBBF16 /* ContentView.swift in Sources */,
				D738ACE327553D5500F8B4A0 /* IconView.swift in Sources */,
				D7A392552805E396001CC25C /* NoHabitsView.swift in Sources */,
				D76B551D275D346A0033FEEB /* HabitsViewModel.swift in Sources */,
				D758DFFC274A989100CBBF16 /* AddNewHabitView.swift in Sources */,
				D758DFFA274A755D00CBBF16 /* SettingsView.swift in Sources */,
				D7B6B6CB2802CD8C007C57E6 /* HabitRowView.swift in Sources */,
				D70BA56E283554230039041F /* HabitSamplesViewModel.swift in Sources */,
				D758DFEA274A746F00CBBF16 /* HabbityApp.swift in Sources */,
				D7B6B6C92802C69F007C57E6 /* Habit.swift in Sources */,
				D76B551B275D32990033FEEB /* Icon.swift in Sources */,
				D7AA2EE228106A9D00AB787E /* NetworkClient.swift in Sources */,
				D758DFF8274A754400CBBF16 /* HabitsView.swift in Sources */,
				D77C50AB2818703A00D82A59 /* HabitSamples.swift in Sources */,
				D76B551F275E7B6C0033FEEB /* HabitDetailView.swift in Sources */,
			);
			runOnlyForDeploymentPostprocessing = 0;
		};
/* End PBXSourcesBuildPhase section */

/* Begin XCBuildConfiguration section */
		D758DFF2274A747300CBBF16 /* Debug */ = {
			isa = XCBuildConfiguration;
			buildSettings = {
				ALWAYS_SEARCH_USER_PATHS = NO;
				CLANG_ANALYZER_NONNULL = YES;
				CLANG_ANALYZER_NUMBER_OBJECT_CONVERSION = YES_AGGRESSIVE;
				CLANG_CXX_LANGUAGE_STANDARD = "gnu++17";
				CLANG_CXX_LIBRARY = "libc++";
				CLANG_ENABLE_MODULES = YES;
				CLANG_ENABLE_OBJC_ARC = YES;
				CLANG_ENABLE_OBJC_WEAK = YES;
				CLANG_WARN_BLOCK_CAPTURE_AUTORELEASING = YES;
				CLANG_WARN_BOOL_CONVERSION = YES;
				CLANG_WARN_COMMA = YES;
				CLANG_WARN_CONSTANT_CONVERSION = YES;
				CLANG_WARN_DEPRECATED_OBJC_IMPLEMENTATIONS = YES;
				CLANG_WARN_DIRECT_OBJC_ISA_USAGE = YES_ERROR;
				CLANG_WARN_DOCUMENTATION_COMMENTS = YES;
				CLANG_WARN_EMPTY_BODY = YES;
				CLANG_WARN_ENUM_CONVERSION = YES;
				CLANG_WARN_INFINITE_RECURSION = YES;
				CLANG_WARN_INT_CONVERSION = YES;
				CLANG_WARN_NON_LITERAL_NULL_CONVERSION = YES;
				CLANG_WARN_OBJC_IMPLICIT_RETAIN_SELF = YES;
				CLANG_WARN_OBJC_LITERAL_CONVERSION = YES;
				CLANG_WARN_OBJC_ROOT_CLASS = YES_ERROR;
				CLANG_WARN_QUOTED_INCLUDE_IN_FRAMEWORK_HEADER = YES;
				CLANG_WARN_RANGE_LOOP_ANALYSIS = YES;
				CLANG_WARN_STRICT_PROTOTYPES = YES;
				CLANG_WARN_SUSPICIOUS_MOVE = YES;
				CLANG_WARN_UNGUARDED_AVAILABILITY = YES_AGGRESSIVE;
				CLANG_WARN_UNREACHABLE_CODE = YES;
				CLANG_WARN__DUPLICATE_METHOD_MATCH = YES;
				COPY_PHASE_STRIP = NO;
				DEBUG_INFORMATION_FORMAT = dwarf;
				ENABLE_STRICT_OBJC_MSGSEND = YES;
				ENABLE_TESTABILITY = YES;
				GCC_C_LANGUAGE_STANDARD = gnu11;
				GCC_DYNAMIC_NO_PIC = NO;
				GCC_NO_COMMON_BLOCKS = YES;
				GCC_OPTIMIZATION_LEVEL = 0;
				GCC_PREPROCESSOR_DEFINITIONS = (
					"DEBUG=1",
					"$(inherited)",
				);
				GCC_WARN_64_TO_32_BIT_CONVERSION = YES;
				GCC_WARN_ABOUT_RETURN_TYPE = YES_ERROR;
				GCC_WARN_UNDECLARED_SELECTOR = YES;
				GCC_WARN_UNINITIALIZED_AUTOS = YES_AGGRESSIVE;
				GCC_WARN_UNUSED_FUNCTION = YES;
				GCC_WARN_UNUSED_VARIABLE = YES;
				IPHONEOS_DEPLOYMENT_TARGET = 15.0;
				MTL_ENABLE_DEBUG_INFO = INCLUDE_SOURCE;
				MTL_FAST_MATH = YES;
				ONLY_ACTIVE_ARCH = YES;
				SDKROOT = iphoneos;
				SWIFT_ACTIVE_COMPILATION_CONDITIONS = DEBUG;
				SWIFT_OPTIMIZATION_LEVEL = "-Onone";
			};
			name = Debug;
		};
		D758DFF3274A747300CBBF16 /* Release */ = {
			isa = XCBuildConfiguration;
			buildSettings = {
				ALWAYS_SEARCH_USER_PATHS = NO;
				CLANG_ANALYZER_NONNULL = YES;
				CLANG_ANALYZER_NUMBER_OBJECT_CONVERSION = YES_AGGRESSIVE;
				CLANG_CXX_LANGUAGE_STANDARD = "gnu++17";
				CLANG_CXX_LIBRARY = "libc++";
				CLANG_ENABLE_MODULES = YES;
				CLANG_ENABLE_OBJC_ARC = YES;
				CLANG_ENABLE_OBJC_WEAK = YES;
				CLANG_WARN_BLOCK_CAPTURE_AUTORELEASING = YES;
				CLANG_WARN_BOOL_CONVERSION = YES;
				CLANG_WARN_COMMA = YES;
				CLANG_WARN_CONSTANT_CONVERSION = YES;
				CLANG_WARN_DEPRECATED_OBJC_IMPLEMENTATIONS = YES;
				CLANG_WARN_DIRECT_OBJC_ISA_USAGE = YES_ERROR;
				CLANG_WARN_DOCUMENTATION_COMMENTS = YES;
				CLANG_WARN_EMPTY_BODY = YES;
				CLANG_WARN_ENUM_CONVERSION = YES;
				CLANG_WARN_INFINITE_RECURSION = YES;
				CLANG_WARN_INT_CONVERSION = YES;
				CLANG_WARN_NON_LITERAL_NULL_CONVERSION = YES;
				CLANG_WARN_OBJC_IMPLICIT_RETAIN_SELF = YES;
				CLANG_WARN_OBJC_LITERAL_CONVERSION = YES;
				CLANG_WARN_OBJC_ROOT_CLASS = YES_ERROR;
				CLANG_WARN_QUOTED_INCLUDE_IN_FRAMEWORK_HEADER = YES;
				CLANG_WARN_RANGE_LOOP_ANALYSIS = YES;
				CLANG_WARN_STRICT_PROTOTYPES = YES;
				CLANG_WARN_SUSPICIOUS_MOVE = YES;
				CLANG_WARN_UNGUARDED_AVAILABILITY = YES_AGGRESSIVE;
				CLANG_WARN_UNREACHABLE_CODE = YES;
				CLANG_WARN__DUPLICATE_METHOD_MATCH = YES;
				COPY_PHASE_STRIP = NO;
				DEBUG_INFORMATION_FORMAT = "dwarf-with-dsym";
				ENABLE_NS_ASSERTIONS = NO;
				ENABLE_STRICT_OBJC_MSGSEND = YES;
				GCC_C_LANGUAGE_STANDARD = gnu11;
				GCC_NO_COMMON_BLOCKS = YES;
				GCC_WARN_64_TO_32_BIT_CONVERSION = YES;
				GCC_WARN_ABOUT_RETURN_TYPE = YES_ERROR;
				GCC_WARN_UNDECLARED_SELECTOR = YES;
				GCC_WARN_UNINITIALIZED_AUTOS = YES_AGGRESSIVE;
				GCC_WARN_UNUSED_FUNCTION = YES;
				GCC_WARN_UNUSED_VARIABLE = YES;
				IPHONEOS_DEPLOYMENT_TARGET = 15.0;
				MTL_ENABLE_DEBUG_INFO = NO;
				MTL_FAST_MATH = YES;
				SDKROOT = iphoneos;
				SWIFT_COMPILATION_MODE = wholemodule;
				SWIFT_OPTIMIZATION_LEVEL = "-O";
				VALIDATE_PRODUCT = YES;
			};
			name = Release;
		};
		D758DFF5274A747300CBBF16 /* Debug */ = {
			isa = XCBuildConfiguration;
			buildSettings = {
				ASSETCATALOG_COMPILER_APPICON_NAME = AppIcon;
				ASSETCATALOG_COMPILER_GLOBAL_ACCENT_COLOR_NAME = AccentColor;
				CODE_SIGN_STYLE = Automatic;
				CURRENT_PROJECT_VERSION = 1;
				DEVELOPMENT_ASSET_PATHS = "\"Habbity/Preview Content\"";
				DEVELOPMENT_TEAM = 95D5HHTHLU;
				ENABLE_PREVIEWS = YES;
				GENERATE_INFOPLIST_FILE = YES;
				INFOPLIST_FILE = Habbity/Info.plist;
				INFOPLIST_KEY_UIApplicationSceneManifest_Generation = YES;
				INFOPLIST_KEY_UIApplicationSupportsIndirectInputEvents = YES;
				INFOPLIST_KEY_UILaunchStoryboardName = LaunchScreen;
				INFOPLIST_KEY_UISupportedInterfaceOrientations_iPad = "UIInterfaceOrientationPortrait UIInterfaceOrientationPortraitUpsideDown UIInterfaceOrientationLandscapeLeft UIInterfaceOrientationLandscapeRight";
				INFOPLIST_KEY_UISupportedInterfaceOrientations_iPhone = "UIInterfaceOrientationPortrait UIInterfaceOrientationLandscapeLeft UIInterfaceOrientationLandscapeRight";
				LD_RUNPATH_SEARCH_PATHS = (
					"$(inherited)",
					"@executable_path/Frameworks",
				);
				MARKETING_VERSION = 1.0;
				PRODUCT_BUNDLE_IDENTIFIER = MichailDev.Habbity;
				PRODUCT_NAME = "$(TARGET_NAME)";
				SWIFT_EMIT_LOC_STRINGS = YES;
				SWIFT_VERSION = 5.0;
				TARGETED_DEVICE_FAMILY = "1,2";
			};
			name = Debug;
		};
		D758DFF6274A747300CBBF16 /* Release */ = {
			isa = XCBuildConfiguration;
			buildSettings = {
				ASSETCATALOG_COMPILER_APPICON_NAME = AppIcon;
				ASSETCATALOG_COMPILER_GLOBAL_ACCENT_COLOR_NAME = AccentColor;
				CODE_SIGN_STYLE = Automatic;
				CURRENT_PROJECT_VERSION = 1;
				DEVELOPMENT_ASSET_PATHS = "\"Habbity/Preview Content\"";
				DEVELOPMENT_TEAM = 95D5HHTHLU;
				ENABLE_PREVIEWS = YES;
				GENERATE_INFOPLIST_FILE = YES;
				INFOPLIST_FILE = Habbity/Info.plist;
				INFOPLIST_KEY_UIApplicationSceneManifest_Generation = YES;
				INFOPLIST_KEY_UIApplicationSupportsIndirectInputEvents = YES;
				INFOPLIST_KEY_UILaunchStoryboardName = LaunchScreen;
				INFOPLIST_KEY_UISupportedInterfaceOrientations_iPad = "UIInterfaceOrientationPortrait UIInterfaceOrientationPortraitUpsideDown UIInterfaceOrientationLandscapeLeft UIInterfaceOrientationLandscapeRight";
				INFOPLIST_KEY_UISupportedInterfaceOrientations_iPhone = "UIInterfaceOrientationPortrait UIInterfaceOrientationLandscapeLeft UIInterfaceOrientationLandscapeRight";
				LD_RUNPATH_SEARCH_PATHS = (
					"$(inherited)",
					"@executable_path/Frameworks",
				);
				MARKETING_VERSION = 1.0;
				PRODUCT_BUNDLE_IDENTIFIER = MichailDev.Habbity;
				PRODUCT_NAME = "$(TARGET_NAME)";
				SWIFT_EMIT_LOC_STRINGS = YES;
				SWIFT_VERSION = 5.0;
				TARGETED_DEVICE_FAMILY = "1,2";
			};
			name = Release;
		};
/* End XCBuildConfiguration section */

/* Begin XCConfigurationList section */
		D758DFE1274A746E00CBBF16 /* Build configuration list for PBXProject "Habbity" */ = {
			isa = XCConfigurationList;
			buildConfigurations = (
				D758DFF2274A747300CBBF16 /* Debug */,
				D758DFF3274A747300CBBF16 /* Release */,
			);
			defaultConfigurationIsVisible = 0;
			defaultConfigurationName = Release;
		};
		D758DFF4274A747300CBBF16 /* Build configuration list for PBXNativeTarget "Habbity" */ = {
			isa = XCConfigurationList;
			buildConfigurations = (
				D758DFF5274A747300CBBF16 /* Debug */,
				D758DFF6274A747300CBBF16 /* Release */,
			);
			defaultConfigurationIsVisible = 0;
			defaultConfigurationName = Release;
		};
/* End XCConfigurationList section */

/* Begin XCRemoteSwiftPackageReference section */
		D7B2E07A2807D24000A525B8 /* XCRemoteSwiftPackageReference "BottomSheet" */ = {
			isa = XCRemoteSwiftPackageReference;
			repositoryURL = "https://github.com/adamfootdev/BottomSheet";
			requirement = {
				kind = upToNextMajorVersion;
				minimumVersion = 0.2.4;
			};
		};
/* End XCRemoteSwiftPackageReference section */

/* Begin XCSwiftPackageProductDependency section */
		D7B2E07B2807D24000A525B8 /* BottomSheet */ = {
			isa = XCSwiftPackageProductDependency;
			package = D7B2E07A2807D24000A525B8 /* XCRemoteSwiftPackageReference "BottomSheet" */;
			productName = BottomSheet;
		};
/* End XCSwiftPackageProductDependency section */
	};
	rootObject = D758DFDE274A746E00CBBF16 /* Project object */;
}
